packages:
  - name: dbt_utils
    package: dbt-labs/dbt_utils
    version: 1.3.2
  - name: elementary
    package: elementary-data/elementary
    version: 0.21.0
  - name: dbt_project_evaluator
    package: dbt-labs/dbt_project_evaluator
    version: 1.1.2
sha1_hash: 2a778879ebaefac0e6652236d2d1c3ec731c70fa
